Microsoft Visual Studio Solution File, Format Version 9.00
# Visual Studio 2005
Project("{8BC9CEB8-8B4A-11D0-8D11-00A0C91BC942}") = "AmisCore", "AmisCore.vcproj", "{E0F81CE5-9C15-4E36-BC71-42BE1C0F2406}"
EndProject
Project("{8BC9CEB8-8B4A-11D0-8D11-00A0C91BC942}") = "TestDTBookTransform", "..\..\..\..\sandbox\TestDTBookTransform\TestDTBookTransform.vcproj", "{1CA695C9-EDA2-4B75-8F13-DE7159EE3B33}"
	ProjectSection(ProjectDependencies) = postProject
		{E0F81CE5-9C15-4E36-BC71-42BE1C0F2406} = {E0F81CE5-9C15-4E36-BC71-42BE1C0F2406}
	EndProjectSection
EndProject
Global
	GlobalSection(SolutionConfigurationPlatforms) = preSolution
		Debug|Win32 = Debug|Win32
		Release|Win32 = Release|Win32
	EndGlobalSection
	GlobalSection(ProjectConfigurationPlatforms) = postSolution
		{E0F81CE5-9C15-4E36-BC71-42BE1C0F2406}.Debug|Win32.ActiveCfg = Debug|Win32
		{E0F81CE5-9C15-4E36-BC71-42BE1C0F2406}.Debug|Win32.Build.0 = Debug|Win32
		{E0F81CE5-9C15-4E36-BC71-42BE1C0F2406}.Release|Win32.ActiveCfg = Release|Win32
		{E0F81CE5-9C15-4E36-BC71-42BE1C0F2406}.Release|Win32.Build.0 = Release|Win32
		{1CA695C9-EDA2-4B75-8F13-DE7159EE3B33}.Debug|Win32.ActiveCfg = Debug|Win32
		{1CA695C9-EDA2-4B75-8F13-DE7159EE3B33}.Debug|Win32.Build.0 = Debug|Win32
		{1CA695C9-EDA2-4B75-8F13-DE7159EE3B33}.Release|Win32.ActiveCfg = Release|Win32
		{1CA695C9-EDA2-4B75-8F13-DE7159EE3B33}.Release|Win32.Build.0 = Release|Win32
	EndGlobalSection
	GlobalSection(SolutionProperties) = preSolution
		HideSolutionNode = FALSE
	EndGlobalSection
EndGlobal
